
Microsoft Visual Studio Solution File, Format Version 12.00
# Visual Studio Version 16
VisualStudioVersion = 16.0.32002.261
MinimumVisualStudioVersion = 10.0.40219.1
Project("{8BC9CEB8-8B4A-11D0-8D11-00A0C91BC942}") = "0401_BoxMoveServer", "0401_BoxMoveServer.vcxproj", "{C0CBDF78-CD8B-4FC7-B3E4-6EB3F50B0A46}"
EndProject
Global
	GlobalSection(SolutionConfigurationPlatforms) = preSolution
		Debug|x64 = Debug|x64
		Debug|x86 = Debug|x86
		Release|x64 = Release|x64
		Release|x86 = Release|x86
	EndGlobalSection
	GlobalSection(ProjectConfigurationPlatforms) = postSolution
		{C0CBDF78-CD8B-4FC7-B3E4-6EB3F50B0A46}.Debug|x64.ActiveCfg = Debug|x64
		{C0CBDF78-CD8B-4FC7-B3E4-6EB3F50B0A46}.Debug|x64.Build.0 = Debug|x64
		{C0CBDF78-CD8B-4FC7-B3E4-6EB3F50B0A46}.Debug|x86.ActiveCfg = Debug|Win32
		{C0CBDF78-CD8B-4FC7-B3E4-6EB3F50B0A46}.Debug|x86.Build.0 = Debug|Win32
		{C0CBDF78-CD8B-4FC7-B3E4-6EB3F50B0A46}.Release|x64.ActiveCfg = Release|x64
		{C0CBDF78-CD8B-4FC7-B3E4-6EB3F50B0A46}.Release|x64.Build.0 = Release|x64
		{C0CBDF78-CD8B-4FC7-B3E4-6EB3F50B0A46}.Release|x86.ActiveCfg = Release|Win32
		{C0CBDF78-CD8B-4FC7-B3E4-6EB3F50B0A46}.Release|x86.Build.0 = Release|Win32
	EndGlobalSection
	GlobalSection(SolutionProperties) = preSolution
		HideSolutionNode = FALSE
	EndGlobalSection
	GlobalSection(ExtensibilityGlobals) = postSolution
		SolutionGuid = {4055F04E-4458-461A-A1DA-CA9006F93CDE}
	EndGlobalSection
EndGlobal
